
Microsoft Visual Studio Solution File, Format Version 12.00
# Visual Studio Version 17
VisualStudioVersion = 17.6.33712.159
MinimumVisualStudioVersion = 10.0.40219.1
Project("{9A19103F-16F7-4668-BE54-9A1E7A4F7556}") = "ColecaoPtDois", "ColecaoPtDois.csproj", "{1C8D2E66-BBE6-410A-BE67-C5A2BE415824}"
EndProject
Project("{9A19103F-16F7-4668-BE54-9A1E7A4F7556}") = "SortedDicionario", "..\SortedDicionario\SortedDicionario.csproj", "{6FFEAF2C-6262-4C54-B574-F3DA3F048247}"
EndProject
Project("{9A19103F-16F7-4668-BE54-9A1E7A4F7556}") = "SortedConjuntos", "..\SortedConjuntos\SortedConjuntos.csproj", "{AEFE3231-77E0-447A-8F43-63ABED7472B0}"
EndProject
Project("{9A19103F-16F7-4668-BE54-9A1E7A4F7556}") = "ArraysMultidimensionais", "..\ArraysMultidimensionais\ArraysMultidimensionais.csproj", "{AA27E81A-B394-476F-A957-400AF60001B7}"
EndProject
Project("{9A19103F-16F7-4668-BE54-9A1E7A4F7556}") = "FamiliasFamosas", "..\FamiliasFamosas\FamiliasFamosas.csproj", "{C87BD1BB-FC7C-4C60-86E5-E2AD9ADE64A6}"
EndProject
Project("{FAE04EC0-301F-11D3-BF4B-00C04F79EFBC}") = "ConsultaColecao", "..\ConsultaColecao\ConsultaColecao.csproj", "{7FB27331-A787-40A3-8BE5-C67A3208684F}"
EndProject
Project("{FAE04EC0-301F-11D3-BF4B-00C04F79EFBC}") = "ConsultaColecao2", "..\ConsultaColecao2\ConsultaColecao2.csproj", "{E07F50FC-F852-4522-A326-F0AA93A65041}"
EndProject
Project("{FAE04EC0-301F-11D3-BF4B-00C04F79EFBC}") = "ConsultaColecao3", "..\ConsultaColecao3\ConsultaColecao3.csproj", "{A895ACDA-7968-44FA-98EA-A6BBF203AC91}"
EndProject
Project("{FAE04EC0-301F-11D3-BF4B-00C04F79EFBC}") = "OperadoresConjuntos", "..\OperadoresConjuntos\OperadoresConjuntos.csproj", "{25A9C967-A4BB-4993-AD42-D9DF57EFFDE3}"
EndProject
Global
	GlobalSection(SolutionConfigurationPlatforms) = preSolution
		Debug|Any CPU = Debug|Any CPU
		Release|Any CPU = Release|Any CPU
	EndGlobalSection
	GlobalSection(ProjectConfigurationPlatforms) = postSolution
		{1C8D2E66-BBE6-410A-BE67-C5A2BE415824}.Debug|Any CPU.ActiveCfg = Debug|Any CPU
		{1C8D2E66-BBE6-410A-BE67-C5A2BE415824}.Debug|Any CPU.Build.0 = Debug|Any CPU
		{1C8D2E66-BBE6-410A-BE67-C5A2BE415824}.Release|Any CPU.ActiveCfg = Release|Any CPU
		{1C8D2E66-BBE6-410A-BE67-C5A2BE415824}.Release|Any CPU.Build.0 = Release|Any CPU
		{6FFEAF2C-6262-4C54-B574-F3DA3F048247}.Debug|Any CPU.ActiveCfg = Debug|Any CPU
		{6FFEAF2C-6262-4C54-B574-F3DA3F048247}.Debug|Any CPU.Build.0 = Debug|Any CPU
		{6FFEAF2C-6262-4C54-B574-F3DA3F048247}.Release|Any CPU.ActiveCfg = Release|Any CPU
		{6FFEAF2C-6262-4C54-B574-F3DA3F048247}.Release|Any CPU.Build.0 = Release|Any CPU
		{AEFE3231-77E0-447A-8F43-63ABED7472B0}.Debug|Any CPU.ActiveCfg = Debug|Any CPU
		{AEFE3231-77E0-447A-8F43-63ABED7472B0}.Debug|Any CPU.Build.0 = Debug|Any CPU
		{AEFE3231-77E0-447A-8F43-63ABED7472B0}.Release|Any CPU.ActiveCfg = Release|Any CPU
		{AEFE3231-77E0-447A-8F43-63ABED7472B0}.Release|Any CPU.Build.0 = Release|Any CPU
		{AA27E81A-B394-476F-A957-400AF60001B7}.Debug|Any CPU.ActiveCfg = Debug|Any CPU
		{AA27E81A-B394-476F-A957-400AF60001B7}.Debug|Any CPU.Build.0 = Debug|Any CPU
		{AA27E81A-B394-476F-A957-400AF60001B7}.Release|Any CPU.ActiveCfg = Release|Any CPU
		{AA27E81A-B394-476F-A957-400AF60001B7}.Release|Any CPU.Build.0 = Release|Any CPU
		{C87BD1BB-FC7C-4C60-86E5-E2AD9ADE64A6}.Debug|Any CPU.ActiveCfg = Debug|Any CPU
		{C87BD1BB-FC7C-4C60-86E5-E2AD9ADE64A6}.Debug|Any CPU.Build.0 = Debug|Any CPU
		{C87BD1BB-FC7C-4C60-86E5-E2AD9ADE64A6}.Release|Any CPU.ActiveCfg = Release|Any CPU
		{C87BD1BB-FC7C-4C60-86E5-E2AD9ADE64A6}.Release|Any CPU.Build.0 = Release|Any CPU
		{7FB27331-A787-40A3-8BE5-C67A3208684F}.Debug|Any CPU.ActiveCfg = Debug|Any CPU
		{7FB27331-A787-40A3-8BE5-C67A3208684F}.Debug|Any CPU.Build.0 = Debug|Any CPU
		{7FB27331-A787-40A3-8BE5-C67A3208684F}.Release|Any CPU.ActiveCfg = Release|Any CPU
		{7FB27331-A787-40A3-8BE5-C67A3208684F}.Release|Any CPU.Build.0 = Release|Any CPU
		{E07F50FC-F852-4522-A326-F0AA93A65041}.Debug|Any CPU.ActiveCfg = Debug|Any CPU
		{E07F50FC-F852-4522-A326-F0AA93A65041}.Debug|Any CPU.Build.0 = Debug|Any CPU
		{E07F50FC-F852-4522-A326-F0AA93A65041}.Release|Any CPU.ActiveCfg = Release|Any CPU
		{E07F50FC-F852-4522-A326-F0AA93A65041}.Release|Any CPU.Build.0 = Release|Any CPU
		{A895ACDA-7968-44FA-98EA-A6BBF203AC91}.Debug|Any CPU.ActiveCfg = Debug|Any CPU
		{A895ACDA-7968-44FA-98EA-A6BBF203AC91}.Debug|Any CPU.Build.0 = Debug|Any CPU
		{A895ACDA-7968-44FA-98EA-A6BBF203AC91}.Release|Any CPU.ActiveCfg = Release|Any CPU
		{A895ACDA-7968-44FA-98EA-A6BBF203AC91}.Release|Any CPU.Build.0 = Release|Any CPU
		{25A9C967-A4BB-4993-AD42-D9DF57EFFDE3}.Debug|Any CPU.ActiveCfg = Debug|Any CPU
		{25A9C967-A4BB-4993-AD42-D9DF57EFFDE3}.Debug|Any CPU.Build.0 = Debug|Any CPU
		{25A9C967-A4BB-4993-AD42-D9DF57EFFDE3}.Release|Any CPU.ActiveCfg = Release|Any CPU
		{25A9C967-A4BB-4993-AD42-D9DF57EFFDE3}.Release|Any CPU.Build.0 = Release|Any CPU
	EndGlobalSection
	GlobalSection(SolutionProperties) = preSolution
		HideSolutionNode = FALSE
	EndGlobalSection
	GlobalSection(ExtensibilityGlobals) = postSolution
		SolutionGuid = {EA677960-67B1-4189-8F7E-F83EE9F43E2D}
	EndGlobalSection
EndGlobal
